
Microsoft Visual Studio Solution File, Format Version 12.00
# Visual Studio Version 17
VisualStudioVersion = 17.0.31903.59
MinimumVisualStudioVersion = 10.0.40219.1
Project("{FAE04EC0-301F-11D3-BF4B-00C04F79EFBC}") = "API", "API\API.csproj", "{282F3491-CF80-4B78-9376-3D755BE89A73}"
EndProject
Project("{FAE04EC0-301F-11D3-BF4B-00C04F79EFBC}") = "Client", "Client\Client.csproj", "{4941D6D0-4A11-40F2-8CB1-F321CA0C813A}"
EndProject
Project("{FAE04EC0-301F-11D3-BF4B-00C04F79EFBC}") = "Common", "Common\Common.csproj", "{5A2D678C-2860-4197-B416-57E7A4959EC3}"
EndProject
Project("{FAE04EC0-301F-11D3-BF4B-00C04F79EFBC}") = "Models", "Models\Models.csproj", "{3139FA91-69B5-4993-A1C8-CD913ED8A35B}"
EndProject
Project("{FAE04EC0-301F-11D3-BF4B-00C04F79EFBC}") = "Data", "Data\Data.csproj", "{FEFC7563-7E88-4487-AFF1-021F3C725570}"
EndProject
Project("{FAE04EC0-301F-11D3-BF4B-00C04F79EFBC}") = "Business", "Business\Business.csproj", "{6E85E9F4-8C25-40BC-A2D6-A7F15077DD7B}"
EndProject
Project("{FAE04EC0-301F-11D3-BF4B-00C04F79EFBC}") = "MSTest", "MSTest\MSTest.csproj", "{81CA340F-F9DE-4AC0-8B66-2173D53F946C}"
EndProject
Project("{FAE04EC0-301F-11D3-BF4B-00C04F79EFBC}") = "Unit", "Unit\Unit.csproj", "{76F413DD-DE9A-4608-B9CB-B9EE732B43F6}"
EndProject
Global
	GlobalSection(SolutionConfigurationPlatforms) = preSolution
		Debug|Any CPU = Debug|Any CPU
		Release|Any CPU = Release|Any CPU
	EndGlobalSection
	GlobalSection(ProjectConfigurationPlatforms) = postSolution
		{282F3491-CF80-4B78-9376-3D755BE89A73}.Debug|Any CPU.ActiveCfg = Debug|Any CPU
		{282F3491-CF80-4B78-9376-3D755BE89A73}.Debug|Any CPU.Build.0 = Debug|Any CPU
		{282F3491-CF80-4B78-9376-3D755BE89A73}.Release|Any CPU.ActiveCfg = Release|Any CPU
		{282F3491-CF80-4B78-9376-3D755BE89A73}.Release|Any CPU.Build.0 = Release|Any CPU
		{4941D6D0-4A11-40F2-8CB1-F321CA0C813A}.Debug|Any CPU.ActiveCfg = Debug|Any CPU
		{4941D6D0-4A11-40F2-8CB1-F321CA0C813A}.Debug|Any CPU.Build.0 = Debug|Any CPU
		{4941D6D0-4A11-40F2-8CB1-F321CA0C813A}.Release|Any CPU.ActiveCfg = Release|Any CPU
		{4941D6D0-4A11-40F2-8CB1-F321CA0C813A}.Release|Any CPU.Build.0 = Release|Any CPU
		{5A2D678C-2860-4197-B416-57E7A4959EC3}.Debug|Any CPU.ActiveCfg = Debug|Any CPU
		{5A2D678C-2860-4197-B416-57E7A4959EC3}.Debug|Any CPU.Build.0 = Debug|Any CPU
		{5A2D678C-2860-4197-B416-57E7A4959EC3}.Release|Any CPU.ActiveCfg = Release|Any CPU
		{5A2D678C-2860-4197-B416-57E7A4959EC3}.Release|Any CPU.Build.0 = Release|Any CPU
		{3139FA91-69B5-4993-A1C8-CD913ED8A35B}.Debug|Any CPU.ActiveCfg = Debug|Any CPU
		{3139FA91-69B5-4993-A1C8-CD913ED8A35B}.Debug|Any CPU.Build.0 = Debug|Any CPU
		{3139FA91-69B5-4993-A1C8-CD913ED8A35B}.Release|Any CPU.ActiveCfg = Release|Any CPU
		{3139FA91-69B5-4993-A1C8-CD913ED8A35B}.Release|Any CPU.Build.0 = Release|Any CPU
		{FEFC7563-7E88-4487-AFF1-021F3C725570}.Debug|Any CPU.ActiveCfg = Debug|Any CPU
		{FEFC7563-7E88-4487-AFF1-021F3C725570}.Debug|Any CPU.Build.0 = Debug|Any CPU
		{FEFC7563-7E88-4487-AFF1-021F3C725570}.Release|Any CPU.ActiveCfg = Release|Any CPU
		{FEFC7563-7E88-4487-AFF1-021F3C725570}.Release|Any CPU.Build.0 = Release|Any CPU
		{6E85E9F4-8C25-40BC-A2D6-A7F15077DD7B}.Debug|Any CPU.ActiveCfg = Debug|Any CPU
		{6E85E9F4-8C25-40BC-A2D6-A7F15077DD7B}.Debug|Any CPU.Build.0 = Debug|Any CPU
		{6E85E9F4-8C25-40BC-A2D6-A7F15077DD7B}.Release|Any CPU.ActiveCfg = Release|Any CPU
		{6E85E9F4-8C25-40BC-A2D6-A7F15077DD7B}.Release|Any CPU.Build.0 = Release|Any CPU
		{81CA340F-F9DE-4AC0-8B66-2173D53F946C}.Debug|Any CPU.ActiveCfg = Debug|Any CPU
		{81CA340F-F9DE-4AC0-8B66-2173D53F946C}.Debug|Any CPU.Build.0 = Debug|Any CPU
		{81CA340F-F9DE-4AC0-8B66-2173D53F946C}.Release|Any CPU.ActiveCfg = Release|Any CPU
		{81CA340F-F9DE-4AC0-8B66-2173D53F946C}.Release|Any CPU.Build.0 = Release|Any CPU
		{76F413DD-DE9A-4608-B9CB-B9EE732B43F6}.Debug|Any CPU.ActiveCfg = Debug|Any CPU
		{76F413DD-DE9A-4608-B9CB-B9EE732B43F6}.Debug|Any CPU.Build.0 = Debug|Any CPU
		{76F413DD-DE9A-4608-B9CB-B9EE732B43F6}.Release|Any CPU.ActiveCfg = Release|Any CPU
		{76F413DD-DE9A-4608-B9CB-B9EE732B43F6}.Release|Any CPU.Build.0 = Release|Any CPU
	EndGlobalSection
	GlobalSection(SolutionProperties) = preSolution
		HideSolutionNode = FALSE
	EndGlobalSection
EndGlobal
