
Microsoft Visual Studio Solution File, Format Version 12.00
# Visual Studio Version 17
VisualStudioVersion = 17.0.31903.59
MinimumVisualStudioVersion = 10.0.40219.1
Project("{FAE04EC0-301F-11D3-BF4B-00C04F79EFBC}") = "API", "API\API.csproj", "{282F3491-CF80-4B78-9376-3D755BE89A73}"
EndProject
Project("{FAE04EC0-301F-11D3-BF4B-00C04F79EFBC}") = "Data", "Data\Data.csproj", "{FEFC7563-7E88-4487-AFF1-021F3C725570}"
EndProject
Project("{FAE04EC0-301F-11D3-BF4B-00C04F79EFBC}") = "Business", "Business\Business.csproj", "{6E85E9F4-8C25-40BC-A2D6-A7F15077DD7B}"
EndProject
Project("{FAE04EC0-301F-11D3-BF4B-00C04F79EFBC}") = "Presentation", "Presentation\Presentation.csproj", "{343D7C5C-AB0C-4DB6-98BB-19F36ED3FA25}"
EndProject
Global
	GlobalSection(SolutionConfigurationPlatforms) = preSolution
		Debug|Any CPU = Debug|Any CPU
		Release|Any CPU = Release|Any CPU
	EndGlobalSection
	GlobalSection(ProjectConfigurationPlatforms) = postSolution
		{282F3491-CF80-4B78-9376-3D755BE89A73}.Debug|Any CPU.ActiveCfg = Debug|Any CPU
		{282F3491-CF80-4B78-9376-3D755BE89A73}.Debug|Any CPU.Build.0 = Debug|Any CPU
		{282F3491-CF80-4B78-9376-3D755BE89A73}.Release|Any CPU.ActiveCfg = Release|Any CPU
		{282F3491-CF80-4B78-9376-3D755BE89A73}.Release|Any CPU.Build.0 = Release|Any CPU
		{FEFC7563-7E88-4487-AFF1-021F3C725570}.Debug|Any CPU.ActiveCfg = Debug|Any CPU
		{FEFC7563-7E88-4487-AFF1-021F3C725570}.Debug|Any CPU.Build.0 = Debug|Any CPU
		{FEFC7563-7E88-4487-AFF1-021F3C725570}.Release|Any CPU.ActiveCfg = Release|Any CPU
		{FEFC7563-7E88-4487-AFF1-021F3C725570}.Release|Any CPU.Build.0 = Release|Any CPU
		{6E85E9F4-8C25-40BC-A2D6-A7F15077DD7B}.Debug|Any CPU.ActiveCfg = Debug|Any CPU
		{6E85E9F4-8C25-40BC-A2D6-A7F15077DD7B}.Debug|Any CPU.Build.0 = Debug|Any CPU
		{6E85E9F4-8C25-40BC-A2D6-A7F15077DD7B}.Release|Any CPU.ActiveCfg = Release|Any CPU
		{6E85E9F4-8C25-40BC-A2D6-A7F15077DD7B}.Release|Any CPU.Build.0 = Release|Any CPU
		{343D7C5C-AB0C-4DB6-98BB-19F36ED3FA25}.Debug|Any CPU.ActiveCfg = Debug|Any CPU
		{343D7C5C-AB0C-4DB6-98BB-19F36ED3FA25}.Debug|Any CPU.Build.0 = Debug|Any CPU
		{343D7C5C-AB0C-4DB6-98BB-19F36ED3FA25}.Release|Any CPU.ActiveCfg = Release|Any CPU
		{343D7C5C-AB0C-4DB6-98BB-19F36ED3FA25}.Release|Any CPU.Build.0 = Release|Any CPU
	EndGlobalSection
	GlobalSection(SolutionProperties) = preSolution
		HideSolutionNode = FALSE
	EndGlobalSection
EndGlobal
